{
  "requires": true,
  "lockfileVersion": 1,
  "dependencies": {
    "panlex-language-picker": {
      "version": "2.1.0",
      "resolved": "https://registry.npmjs.org/panlex-language-picker/-/panlex-language-picker-2.1.0.tgz",
      "integrity": "sha512-c0Yr6iDOJQyVibFeWD00j+nK6wcq8pZiOIxfNJ9B/9IiU9dtsITTiX7jt6FJjwaXbVxcBN2hgWK4b8UhLXiQ1Q=="
    }
  }
}
